
Microsoft Visual Studio Solution File, Format Version 12.00
# Visual Studio Version 17
VisualStudioVersion = 17.6.33723.286
MinimumVisualStudioVersion = 10.0.40219.1
Project("{9A19103F-16F7-4668-BE54-9A1E7A4F7556}") = "BlazorApp1.Server", "Server\BlazorApp1.Server.csproj", "{6BC405A0-70FC-4A00-A655-9D8EBB9C3E1E}"
EndProject
Project("{9A19103F-16F7-4668-BE54-9A1E7A4F7556}") = "BlazorApp1.Client", "Client\BlazorApp1.Client.csproj", "{3F474E9D-94C1-4582-9797-21174B759EF2}"
EndProject
Project("{9A19103F-16F7-4668-BE54-9A1E7A4F7556}") = "BlazorApp1.Shared", "Shared\BlazorApp1.Shared.csproj", "{AD7FE219-F863-47E2-AA05-D7D913451F34}"
EndProject
Global
	GlobalSection(SolutionConfigurationPlatforms) = preSolution
		Debug|Any CPU = Debug|Any CPU
		Release|Any CPU = Release|Any CPU
	EndGlobalSection
	GlobalSection(ProjectConfigurationPlatforms) = postSolution
		{6BC405A0-70FC-4A00-A655-9D8EBB9C3E1E}.Debug|Any CPU.ActiveCfg = Debug|Any CPU
		{6BC405A0-70FC-4A00-A655-9D8EBB9C3E1E}.Debug|Any CPU.Build.0 = Debug|Any CPU
		{6BC405A0-70FC-4A00-A655-9D8EBB9C3E1E}.Release|Any CPU.ActiveCfg = Release|Any CPU
		{6BC405A0-70FC-4A00-A655-9D8EBB9C3E1E}.Release|Any CPU.Build.0 = Release|Any CPU
		{3F474E9D-94C1-4582-9797-21174B759EF2}.Debug|Any CPU.ActiveCfg = Debug|Any CPU
		{3F474E9D-94C1-4582-9797-21174B759EF2}.Debug|Any CPU.Build.0 = Debug|Any CPU
		{3F474E9D-94C1-4582-9797-21174B759EF2}.Release|Any CPU.ActiveCfg = Release|Any CPU
		{3F474E9D-94C1-4582-9797-21174B759EF2}.Release|Any CPU.Build.0 = Release|Any CPU
		{AD7FE219-F863-47E2-AA05-D7D913451F34}.Debug|Any CPU.ActiveCfg = Debug|Any CPU
		{AD7FE219-F863-47E2-AA05-D7D913451F34}.Debug|Any CPU.Build.0 = Debug|Any CPU
		{AD7FE219-F863-47E2-AA05-D7D913451F34}.Release|Any CPU.ActiveCfg = Release|Any CPU
		{AD7FE219-F863-47E2-AA05-D7D913451F34}.Release|Any CPU.Build.0 = Release|Any CPU
	EndGlobalSection
	GlobalSection(SolutionProperties) = preSolution
		HideSolutionNode = FALSE
	EndGlobalSection
	GlobalSection(ExtensibilityGlobals) = postSolution
		SolutionGuid = {DDB0C731-CE2F-41AE-86FE-3A3FD156853E}
	EndGlobalSection
EndGlobal
